PODS:
  - MetalPetal (1.22.0):
    - MetalPetal/Core (= 1.22.0)
  - MetalPetal/Core (1.22.0)
  - MetalPetal/Swift (1.22.0):
    - MetalPetal/Core
  - MTTransitions (1.6.5):
    - MetalPetal
    - MetalPetal/Swift

DEPENDENCIES:
  - MTTransitions (from `.`)

SPEC REPOS:
  trunk:
    - MetalPetal

EXTERNAL SOURCES:
  MTTransitions:
    :path: "."

SPEC CHECKSUMS:
  MetalPetal: f4325f3a0dbccdcd1b39e385a9c19d4cc9e803c8
  MTTransitions: de56179ff6ba1a4e67bbc627288c957beafc0ffc

PODFILE CHECKSUM: 3cc245b6f1621658d112bb04b7d0547211c12e77

COCOAPODS: 1.11.3
